
Microsoft Visual Studio Solution File, Format Version 12.00
# Visual Studio Version 16
VisualStudioVersion = 16.0.29306.81
MinimumVisualStudioVersion = 10.0.40219.1
Project("{FAE04EC0-301F-11D3-BF4B-00C04F79EFBC}") = "InnoMusicRoomBot", "InnoMusicRoomBot\InnoMusicRoomBot.csproj", "{81106570-250B-4D25-B3BE-3EB1F1E66F66}"
EndProject
Global
	GlobalSection(SolutionConfigurationPlatforms) = preSolution
		Debug|Any CPU = Debug|Any CPU
		Release|Any CPU = Release|Any CPU
	EndGlobalSection
	GlobalSection(ProjectConfigurationPlatforms) = postSolution
		{81106570-250B-4D25-B3BE-3EB1F1E66F66}.Debug|Any CPU.ActiveCfg = Debug|Any CPU
		{81106570-250B-4D25-B3BE-3EB1F1E66F66}.Debug|Any CPU.Build.0 = Debug|Any CPU
		{81106570-250B-4D25-B3BE-3EB1F1E66F66}.Release|Any CPU.ActiveCfg = Release|Any CPU
		{81106570-250B-4D25-B3BE-3EB1F1E66F66}.Release|Any CPU.Build.0 = Release|Any CPU
	EndGlobalSection
	GlobalSection(SolutionProperties) = preSolution
		HideSolutionNode = FALSE
	EndGlobalSection
	GlobalSection(ExtensibilityGlobals) = postSolution
		SolutionGuid = {C0FD66CC-886E-4FA7-BB6A-C7A79E5BDB9E}
	EndGlobalSection
EndGlobal
